
Microsoft Visual Studio Solution File, Format Version 12.00
# Visual Studio Version 17
VisualStudioVersion = 17.7.34003.232
MinimumVisualStudioVersion = 10.0.40219.1
Project("{FAE04EC0-301F-11D3-BF4B-00C04F79EFBC}") = "Persistence", "Persistence.csproj", "{F69B8EBB-A7D6-4BA3-A1C5-6F778F21153E}"
EndProject
Project("{FAE04EC0-301F-11D3-BF4B-00C04F79EFBC}") = "Business", "..\Business\Business.csproj", "{112BB341-BB67-4FD4-8A64-54E493BBEDCD}"
EndProject
Project("{FAE04EC0-301F-11D3-BF4B-00C04F79EFBC}") = "App.Persistence1", "..\App.Persistence1\App.Persistence1.csproj", "{D9CA273A-E0DF-4CC1-B487-97CB766A654B}"
EndProject
Global
	GlobalSection(SolutionConfigurationPlatforms) = preSolution
		Debug|Any CPU = Debug|Any CPU
		Release|Any CPU = Release|Any CPU
	EndGlobalSection
	GlobalSection(ProjectConfigurationPlatforms) = postSolution
		{F69B8EBB-A7D6-4BA3-A1C5-6F778F21153E}.Debug|Any CPU.ActiveCfg = Debug|Any CPU
		{F69B8EBB-A7D6-4BA3-A1C5-6F778F21153E}.Debug|Any CPU.Build.0 = Debug|Any CPU
		{F69B8EBB-A7D6-4BA3-A1C5-6F778F21153E}.Release|Any CPU.ActiveCfg = Release|Any CPU
		{F69B8EBB-A7D6-4BA3-A1C5-6F778F21153E}.Release|Any CPU.Build.0 = Release|Any CPU
		{112BB341-BB67-4FD4-8A64-54E493BBEDCD}.Debug|Any CPU.ActiveCfg = Debug|Any CPU
		{112BB341-BB67-4FD4-8A64-54E493BBEDCD}.Debug|Any CPU.Build.0 = Debug|Any CPU
		{112BB341-BB67-4FD4-8A64-54E493BBEDCD}.Release|Any CPU.ActiveCfg = Release|Any CPU
		{112BB341-BB67-4FD4-8A64-54E493BBEDCD}.Release|Any CPU.Build.0 = Release|Any CPU
		{D9CA273A-E0DF-4CC1-B487-97CB766A654B}.Debug|Any CPU.ActiveCfg = Debug|Any CPU
		{D9CA273A-E0DF-4CC1-B487-97CB766A654B}.Debug|Any CPU.Build.0 = Debug|Any CPU
		{D9CA273A-E0DF-4CC1-B487-97CB766A654B}.Release|Any CPU.ActiveCfg = Release|Any CPU
		{D9CA273A-E0DF-4CC1-B487-97CB766A654B}.Release|Any CPU.Build.0 = Release|Any CPU
	EndGlobalSection
	GlobalSection(SolutionProperties) = preSolution
		HideSolutionNode = FALSE
	EndGlobalSection
	GlobalSection(ExtensibilityGlobals) = postSolution
		SolutionGuid = {EF0AA93C-084C-46CF-A529-DC4BE9BEFD76}
	EndGlobalSection
EndGlobal
